
Microsoft Visual Studio Solution File, Format Version 12.00
# Visual Studio Version 17
VisualStudioVersion = 17.1.32210.238
MinimumVisualStudioVersion = 10.0.40219.1
Project("{FAE04EC0-301F-11D3-BF4B-00C04F79EFBC}") = "ExtractPortablePDB", "ExtractPortablePDB.csproj", "{494427E8-06A8-48A3-B0A4-E8E3FDFF9060}"
EndProject
Global
	GlobalSection(SolutionConfigurationPlatforms) = preSolution
		Debug|Any CPU = Debug|Any CPU
		Release|Any CPU = Release|Any CPU
	EndGlobalSection
	GlobalSection(ProjectConfigurationPlatforms) = postSolution
		{494427E8-06A8-48A3-B0A4-E8E3FDFF9060}.Debug|Any CPU.ActiveCfg = Debug|Any CPU
		{494427E8-06A8-48A3-B0A4-E8E3FDFF9060}.Debug|Any CPU.Build.0 = Debug|Any CPU
		{494427E8-06A8-48A3-B0A4-E8E3FDFF9060}.Release|Any CPU.ActiveCfg = Release|Any CPU
		{494427E8-06A8-48A3-B0A4-E8E3FDFF9060}.Release|Any CPU.Build.0 = Release|Any CPU
	EndGlobalSection
	GlobalSection(SolutionProperties) = preSolution
		HideSolutionNode = FALSE
	EndGlobalSection
	GlobalSection(ExtensibilityGlobals) = postSolution
		SolutionGuid = {D54D6AC6-F33A-42AE-A060-5C4293A5078B}
	EndGlobalSection
EndGlobal
